
Microsoft Visual Studio Solution File, Format Version 12.00
# Visual Studio Version 16
VisualStudioVersion = 16.0.30011.22
MinimumVisualStudioVersion = 10.0.40219.1
Project("{FAE04EC0-301F-11D3-BF4B-00C04F79EFBC}") = "BililiveRecorder", "BililiveRecorder\BililiveRecorder.csproj", "{76D787B2-E1C9-4BAC-B03A-2B4059387780}"
EndProject
Global
	GlobalSection(SolutionConfigurationPlatforms) = preSolution
		Debug|Any CPU = Debug|Any CPU
		Release|Any CPU = Release|Any CPU
	EndGlobalSection
	GlobalSection(ProjectConfigurationPlatforms) = postSolution
		{76D787B2-E1C9-4BAC-B03A-2B4059387780}.Debug|Any CPU.ActiveCfg = Debug|Any CPU
		{76D787B2-E1C9-4BAC-B03A-2B4059387780}.Debug|Any CPU.Build.0 = Debug|Any CPU
		{76D787B2-E1C9-4BAC-B03A-2B4059387780}.Release|Any CPU.ActiveCfg = Release|Any CPU
		{76D787B2-E1C9-4BAC-B03A-2B4059387780}.Release|Any CPU.Build.0 = Release|Any CPU
	EndGlobalSection
	GlobalSection(SolutionProperties) = preSolution
		HideSolutionNode = FALSE
	EndGlobalSection
	GlobalSection(ExtensibilityGlobals) = postSolution
		SolutionGuid = {334FAE04-F83E-497B-B71F-08F9A5759404}
	EndGlobalSection
EndGlobal
